// !$*UTF8*$!
{
	archiveVersion = 1;
	classes = {
	};
	objectVersion = 46;
	objects = {

/* Begin PBXBuildFile section */
		76BCAC0C19E49E2200533E38 /* AppDelegate.swift in Sources */ = {isa = PBXBuildFile; fileRef = 76BCAC0B19E49E2200533E38 /* AppDelegate.swift */; };
		76BCAC0E19E49E2200533E38 /* ViewController.swift in Sources */ = {isa = PBXBuildFile; fileRef = 76BCAC0D19E49E2200533E38 /* ViewController.swift */; };
		76BCAC1119E49E2200533E38 /* Main.storyboard in Resources */ = {isa = PBXBuildFile; fileRef = 76BCAC0F19E49E2200533E38 /* Main.storyboard */; };
		76BCAC1319E49E2200533E38 /* Images.xcassets in Resources */ = {isa = PBXBuildFile; fileRef = 76BCAC1219E49E2200533E38 /* Images.xcassets */; };
		76BCAC1619E49E2200533E38 /* LaunchScreen.xib in Resources */ = {isa = PBXBuildFile; fileRef = 76BCAC1419E49E2200533E38 /* LaunchScreen.xib */; };
		76BCAC2219E49E2200533E38 /* PhotoFiltersTests.swift in Sources */ = {isa = PBXBuildFile; fileRef = 76BCAC2119E49E2200533E38 /* PhotoFiltersTests.swift */; };
		76BCAC2E19E4A1F100533E38 /* sunset@2x.jpg in Resources */ = {isa = PBXBuildFile; fileRef = 76BCAC2D19E4A1F100533E38 /* sunset@2x.jpg */; };
/* End PBXBuildFile section */

/* Begin PBXContainerItemProxy section */
		76BCAC1C19E49E2200533E38 /* PBXContainerItemProxy */ = {
			isa = PBXContainerItemProxy;
			containerPortal = 76BCABFE19E49E2200533E38 /* Project object */;
			proxyType = 1;
			remoteGlobalIDString = 76BCAC0519E49E2200533E38;
			remoteInfo = PhotoFilters;
		};
/* End PBXContainerItemProxy section */

/* Begin PBXFileReference section */
		76BCAC0619E49E2200533E38 /* PhotoFilters.app */ = {isa = PBXFileReference; explicitFileType = wrapper.application; includeInIndex = 0; path = PhotoFilters.app; sourceTree = BUILT_PRODUCTS_DIR; };
		76BCAC0A19E49E2200533E38 /* Info.plist */ = {isa = PBXFileReference; lastKnownFileType = text.plist.xml; path = Info.plist; sourceTree = "<group>"; };
		76BCAC0B19E49E2200533E38 /* AppDelegate.swift */ = {isa = PBXFileReference; lastKnownFileType = sourcecode.swift; path = AppDelegate.swift; sourceTree = "<group>"; };
		76BCAC0D19E49E2200533E38 /* ViewController.swift */ = {isa = PBXFileReference; lastKnownFileType = sourcecode.swift; path = ViewController.swift; sourceTree = "<group>"; };
		76BCAC1019E49E2200533E38 /* Base */ = {isa = PBXFileReference; lastKnownFileType = file.storyboard; name = Base; path = Base.lproj/Main.storyboard; sourceTree = "<group>"; };
		76BCAC1219E49E2200533E38 /* Images.xcassets */ = {isa = PBXFileReference; lastKnownFileType = folder.assetcatalog; path = Images.xcassets; sourceTree = "<group>"; };
		76BCAC1519E49E2200533E38 /* Base */ = {isa = PBXFileReference; lastKnownFileType = file.xib; name = Base; path = Base.lproj/LaunchScreen.xib; sourceTree = "<group>"; };
		76BCAC1B19E49E2200533E38 /* PhotoFiltersTests.xctest */ = {isa = PBXFileReference; explicitFileType = wrapper.cfbundle; includeInIndex = 0; path = PhotoFiltersTests.xctest; sourceTree = BUILT_PRODUCTS_DIR; };
		76BCAC2019E49E2200533E38 /* Info.plist */ = {isa = PBXFileReference; lastKnownFileType = text.plist.xml; path = Info.plist; sourceTree = "<group>"; };
		76BCAC2119E49E2200533E38 /* PhotoFiltersTests.swift */ = {isa = PBXFileReference; lastKnownFileType = sourcecode.swift; path = PhotoFiltersTests.swift; sourceTree = "<group>"; };
		76BCAC2D19E4A1F100533E38 /* sunset@2x.jpg */ = {isa = PBXFileReference; lastKnownFileType = image.jpeg; path = "sunset@2x.jpg"; sourceTree = "<group>"; };
/* End PBXFileReference section */

/* Begin PBXFrameworksBuildPhase section */
		76BCAC0319E49E2200533E38 /* Frameworks */ = {
			isa = PBXFrameworksBuildPhase;
			buildActionMask = 2147483647;
			files = (
			);
			runOnlyForDeploymentPostprocessing = 0;
		};
		76BCAC1819E49E2200533E38 /* Frameworks */ = {
			isa = PBXFrameworksBuildPhase;
			buildActionMask = 2147483647;
			files = (
			);
			runOnlyForDeploymentPostprocessing = 0;
		};
/* End PBXFrameworksBuildPhase section */

/* Begin PBXGroup section */
		76BCABFD19E49E2200533E38 = {
			isa = PBXGroup;
			children = (
				76BCAC0819E49E2200533E38 /* PhotoFilters */,
				76BCAC1E19E49E2200533E38 /* PhotoFiltersTests */,
				76BCAC0719E49E2200533E38 /* Products */,
			);
			sourceTree = "<group>";
		};
		76BCAC0719E49E2200533E38 /* Products */ = {
			isa = PBXGroup;
			children = (
				76BCAC0619E49E2200533E38 /* PhotoFilters.app */,
				76BCAC1B19E49E2200533E38 /* PhotoFiltersTests.xctest */,
			);
			name = Products;
			sourceTree = "<group>";
		};
		76BCAC0819E49E2200533E38 /* PhotoFilters */ = {
			isa = PBXGroup;
			children = (
				76BCAC0B19E49E2200533E38 /* AppDelegate.swift */,
				76BCAC2D19E4A1F100533E38 /* sunset@2x.jpg */,
				76BCAC0D19E49E2200533E38 /* ViewController.swift */,
				76BCAC0F19E49E2200533E38 /* Main.storyboard */,
				76BCAC1219E49E2200533E38 /* Images.xcassets */,
				76BCAC1419E49E2200533E38 /* LaunchScreen.xib */,
				76BCAC0919E49E2200533E38 /* Supporting Files */,
			);
			path = PhotoFilters;
			sourceTree = "<group>";
		};
		76BCAC0919E49E2200533E38 /* Supporting Files */ = {
			isa = PBXGroup;
			children = (
				76BCAC0A19E49E2200533E38 /* Info.plist */,
			);
			name = "Supporting Files";
			sourceTree = "<group>";
		};
		76BCAC1E19E49E2200533E38 /* PhotoFiltersTests */ = {
			isa = PBXGroup;
			children = (
				76BCAC2119E49E2200533E38 /* PhotoFiltersTests.swift */,
				76BCAC1F19E49E2200533E38 /* Supporting Files */,
			);
			path = PhotoFiltersTests;
			sourceTree = "<group>";
		};
		76BCAC1F19E49E2200533E38 /* Supporting Files */ = {
			isa = PBXGroup;
			children = (
				76BCAC2019E49E2200533E38 /* Info.plist */,
			);
			name = "Supporting Files";
			sourceTree = "<group>";
		};
/* End PBXGroup section */

/* Begin PBXNativeTarget section */
		76BCAC0519E49E2200533E38 /* PhotoFilters */ = {
			isa = PBXNativeTarget;
			buildConfigurationList = 76BCAC2519E49E2200533E38 /* Build configuration list for PBXNativeTarget "PhotoFilters" */;
			buildPhases = (
				76BCAC0219E49E2200533E38 /* Sources */,
				76BCAC0319E49E2200533E38 /* Frameworks */,
				76BCAC0419E49E2200533E38 /* Resources */,
			);
			buildRules = (
			);
			dependencies = (
			);
			name = PhotoFilters;
			productName = PhotoFilters;
			productReference = 76BCAC0619E49E2200533E38 /* PhotoFilters.app */;
			productType = "com.apple.product-type.application";
		};
		76BCAC1A19E49E2200533E38 /* PhotoFiltersTests */ = {
			isa = PBXNativeTarget;
			buildConfigurationList = 76BCAC2819E49E2200533E38 /* Build configuration list for PBXNativeTarget "PhotoFiltersTests" */;
			buildPhases = (
				76BCAC1719E49E2200533E38 /* Sources */,
				76BCAC1819E49E2200533E38 /* Frameworks */,
				76BCAC1919E49E2200533E38 /* Resources */,
			);
			buildRules = (
			);
			dependencies = (
				76BCAC1D19E49E2200533E38 /* PBXTargetDependency */,
			);
			name = PhotoFiltersTests;
			productName = PhotoFiltersTests;
			productReference = 76BCAC1B19E49E2200533E38 /* PhotoFiltersTests.xctest */;
			productType = "com.apple.product-type.bundle.unit-test";
		};
/* End PBXNativeTarget section */

/* Begin PBXProject section */
		76BCABFE19E49E2200533E38 /* Project object */ = {
			isa = PBXProject;
			attributes = {
				LastUpgradeCheck = 0610;
				ORGANIZATIONNAME = "Ben Morrow";
				TargetAttributes = {
					76BCAC0519E49E2200533E38 = {
						CreatedOnToolsVersion = 6.1;
					};
					76BCAC1A19E49E2200533E38 = {
						CreatedOnToolsVersion = 6.1;
						TestTargetID = 76BCAC0519E49E2200533E38;
					};
				};
			};
			buildConfigurationList = 76BCAC0119E49E2200533E38 /* Build configuration list for PBXProject "PhotoFilters" */;
			compatibilityVersion = "Xcode 3.2";
			developmentRegion = English;
			hasScannedForEncodings = 0;
			knownRegions = (
				en,
				Base,
			);
			mainGroup = 76BCABFD19E49E2200533E38;
			productRefGroup = 76BCAC0719E49E2200533E38 /* Products */;
			projectDirPath = "";
			projectRoot = "";
			targets = (
				76BCAC0519E49E2200533E38 /* PhotoFilters */,
				76BCAC1A19E49E2200533E38 /* PhotoFiltersTests */,
			);
		};
/* End PBXProject section */

/* Begin PBXResourcesBuildPhase section */
		76BCAC0419E49E2200533E38 /* Resources */ = {
			isa = PBXResourcesBuildPhase;
			buildActionMask = 2147483647;
			files = (
				76BCAC2E19E4A1F100533E38 /* sunset@2x.jpg in Resources */,
				76BCAC1119E49E2200533E38 /* Main.storyboard in Resources */,
				76BCAC1619E49E2200533E38 /* LaunchScreen.xib in Resources */,
				76BCAC1319E49E2200533E38 /* Images.xcassets in Resources */,
			);
			runOnlyForDeploymentPostprocessing = 0;
		};
		76BCAC1919E49E2200533E38 /* Resources */ = {
			isa = PBXResourcesBuildPhase;
			buildActionMask = 2147483647;
			files = (
			);
			runOnlyForDeploymentPostprocessing = 0;
		};
/* End PBXResourcesBuildPhase section */

/* Begin PBXSourcesBuildPhase section */
		76BCAC0219E49E2200533E38 /* Sources */ = {
			isa = PBXSourcesBuildPhase;
			buildActionMask = 2147483647;
			files = (
				76BCAC0E19E49E2200533E38 /* ViewController.swift in Sources */,
				76BCAC0C19E49E2200533E38 /* AppDelegate.swift in Sources */,
			);
			runOnlyForDeploymentPostprocessing = 0;
		};
		76BCAC1719E49E2200533E38 /* Sources */ = {
			isa = PBXSourcesBuildPhase;
			buildActionMask = 2147483647;
			files = (
				76BCAC2219E49E2200533E38 /* PhotoFiltersTests.swift in Sources */,
			);
			runOnlyForDeploymentPostprocessing = 0;
		};
/* End PBXSourcesBuildPhase section */

/* Begin PBXTargetDependency section */
		76BCAC1D19E49E2200533E38 /* PBXTargetDependency */ = {
			isa = PBXTargetDependency;
			target = 76BCAC0519E49E2200533E38 /* PhotoFilters */;
			targetProxy = 76BCAC1C19E49E2200533E38 /* PBXContainerItemProxy */;
		};
/* End PBXTargetDependency section */

/* Begin PBXVariantGroup section */
		76BCAC0F19E49E2200533E38 /* Main.storyboard */ = {
			isa = PBXVariantGroup;
			children = (
				76BCAC1019E49E2200533E38 /* Base */,
			);
			name = Main.storyboard;
			sourceTree = "<group>";
		};
		76BCAC1419E49E2200533E38 /* LaunchScreen.xib */ = {
			isa = PBXVariantGroup;
			children = (
				76BCAC1519E49E2200533E38 /* Base */,
			);
			name = LaunchScreen.xib;
			sourceTree = "<group>";
		};
/* End PBXVariantGroup section */

/* Begin XCBuildConfiguration section */
		76BCAC2319E49E2200533E38 /* Debug */ = {
			isa = XCBuildConfiguration;
			buildSettings = {
				ALWAYS_SEARCH_USER_PATHS = NO;
				CLANG_CXX_LANGUAGE_STANDARD = "gnu++0x";
				CLANG_CXX_LIBRARY = "libc++";
				CLANG_ENABLE_MODULES = YES;
				CLANG_ENABLE_OBJC_ARC = YES;
				CLANG_WARN_BOOL_CONVERSION = YES;
				CLANG_WARN_CONSTANT_CONVERSION = YES;
				CLANG_WARN_DIRECT_OBJC_ISA_USAGE = YES_ERROR;
				CLANG_WARN_EMPTY_BODY = YES;
				CLANG_WARN_ENUM_CONVERSION = YES;
				CLANG_WARN_INT_CONVERSION = YES;
				CLANG_WARN_OBJC_ROOT_CLASS = YES_ERROR;
				CLANG_WARN_UNREACHABLE_CODE = YES;
				CLANG_WARN__DUPLICATE_METHOD_MATCH = YES;
				"CODE_SIGN_IDENTITY[sdk=iphoneos*]" = "iPhone Developer";
				COPY_PHASE_STRIP = NO;
				ENABLE_STRICT_OBJC_MSGSEND = YES;
				GCC_C_LANGUAGE_STANDARD = gnu99;
				GCC_DYNAMIC_NO_PIC = NO;
				GCC_OPTIMIZATION_LEVEL = 0;
				GCC_PREPROCESSOR_DEFINITIONS = (
					"DEBUG=1",
					"$(inherited)",
				);
				GCC_SYMBOLS_PRIVATE_EXTERN = NO;
				GCC_WARN_64_TO_32_BIT_CONVERSION = YES;
				GCC_WARN_ABOUT_RETURN_TYPE = YES_ERROR;
				GCC_WARN_UNDECLARED_SELECTOR = YES;
				GCC_WARN_UNINITIALIZED_AUTOS = YES_AGGRESSIVE;
				GCC_WARN_UNUSED_FUNCTION = YES;
				GCC_WARN_UNUSED_VARIABLE = YES;
				IPHONEOS_DEPLOYMENT_TARGET = 8.0;
				MTL_ENABLE_DEBUG_INFO = YES;
				ONLY_ACTIVE_ARCH = YES;
				SDKROOT = iphoneos;
				SWIFT_OPTIMIZATION_LEVEL = "-Onone";
				TARGETED_DEVICE_FAMILY = "1,2";
			};
			name = Debug;
		};
		76BCAC2419E49E2200533E38 /* Release */ = {
			isa = XCBuildConfiguration;
			buildSettings = {
				ALWAYS_SEARCH_USER_PATHS = NO;
				CLANG_CXX_LANGUAGE_STANDARD = "gnu++0x";
				CLANG_CXX_LIBRARY = "libc++";
				CLANG_ENABLE_MODULES = YES;
				CLANG_ENABLE_OBJC_ARC = YES;
				CLANG_WARN_BOOL_CONVERSION = YES;
				CLANG_WARN_CONSTANT_CONVERSION = YES;
				CLANG_WARN_DIRECT_OBJC_ISA_USAGE = YES_ERROR;
				CLANG_WARN_EMPTY_BODY = YES;
				CLANG_WARN_ENUM_CONVERSION = YES;
				CLANG_WARN_INT_CONVERSION = YES;
				CLANG_WARN_OBJC_ROOT_CLASS = YES_ERROR;
				CLANG_WARN_UNREACHABLE_CODE = YES;
				CLANG_WARN__DUPLICATE_METHOD_MATCH = YES;
				"CODE_SIGN_IDENTITY[sdk=iphoneos*]" = "iPhone Developer";
				COPY_PHASE_STRIP = YES;
				ENABLE_NS_ASSERTIONS = NO;
				ENABLE_STRICT_OBJC_MSGSEND = YES;
				GCC_C_LANGUAGE_STANDARD = gnu99;
				GCC_WARN_64_TO_32_BIT_CONVERSION = YES;
				GCC_WARN_ABOUT_RETURN_TYPE = YES_ERROR;
				GCC_WARN_UNDECLARED_SELECTOR = YES;
				GCC_WARN_UNINITIALIZED_AUTOS = YES_AGGRESSIVE;
				GCC_WARN_UNUSED_FUNCTION = YES;
				GCC_WARN_UNUSED_VARIABLE = YES;
				IPHONEOS_DEPLOYMENT_TARGET = 8.0;
				MTL_ENABLE_DEBUG_INFO = NO;
				SDKROOT = iphoneos;
				TARGETED_DEVICE_FAMILY = "1,2";
				VALIDATE_PRODUCT = YES;
			};
			name = Release;
		};
		76BCAC2619E49E2200533E38 /* Debug */ = {
			isa = XCBuildConfiguration;
			buildSettings = {
				ASSETCATALOG_COMPILER_APPICON_NAME = AppIcon;
				INFOPLIST_FILE = PhotoFilters/Info.plist;
				LD_RUNPATH_SEARCH_PATHS = "$(inherited) @executable_path/Frameworks";
				PRODUCT_NAME = "$(TARGET_NAME)";
			};
			name = Debug;
		};
		76BCAC2719E49E2200533E38 /* Release */ = {
			isa = XCBuildConfiguration;
			buildSettings = {
				ASSETCATALOG_COMPILER_APPICON_NAME = AppIcon;
				INFOPLIST_FILE = PhotoFilters/Info.plist;
				LD_RUNPATH_SEARCH_PATHS = "$(inherited) @executable_path/Frameworks";
				PRODUCT_NAME = "$(TARGET_NAME)";
			};
			name = Release;
		};
		76BCAC2919E49E2200533E38 /* Debug */ = {
			isa = XCBuildConfiguration;
			buildSettings = {
				BUNDLE_LOADER = "$(TEST_HOST)";
				FRAMEWORK_SEARCH_PATHS = (
					"$(SDKROOT)/Developer/Library/Frameworks",
					"$(inherited)",
				);
				GCC_PREPROCESSOR_DEFINITIONS = (
					"DEBUG=1",
					"$(inherited)",
				);
				INFOPLIST_FILE = PhotoFiltersTests/Info.plist;
				LD_RUNPATH_SEARCH_PATHS = "$(inherited) @executable_path/Frameworks @loader_path/Frameworks";
				PRODUCT_NAME = "$(TARGET_NAME)";
				TEST_HOST = "$(BUILT_PRODUCTS_DIR)/PhotoFilters.app/PhotoFilters";
			};
			name = Debug;
		};
		76BCAC2A19E49E2200533E38 /* Release */ = {
			isa = XCBuildConfiguration;
			buildSettings = {
				BUNDLE_LOADER = "$(TEST_HOST)";
				FRAMEWORK_SEARCH_PATHS = (
					"$(SDKROOT)/Developer/Library/Frameworks",
					"$(inherited)",
				);
				INFOPLIST_FILE = PhotoFiltersTests/Info.plist;
				LD_RUNPATH_SEARCH_PATHS = "$(inherited) @executable_path/Frameworks @loader_path/Frameworks";
				PRODUCT_NAME = "$(TARGET_NAME)";
				TEST_HOST = "$(BUILT_PRODUCTS_DIR)/PhotoFilters.app/PhotoFilters";
			};
			name = Release;
		};
/* End XCBuildConfiguration section */

/* Begin XCConfigurationList section */
		76BCAC0119E49E2200533E38 /* Build configuration list for PBXProject "PhotoFilters" */ = {
			isa = XCConfigurationList;
			buildConfigurations = (
				76BCAC2319E49E2200533E38 /* Debug */,
				76BCAC2419E49E2200533E38 /* Release */,
			);
			defaultConfigurationIsVisible = 0;
			defaultConfigurationName = Release;
		};
		76BCAC2519E49E2200533E38 /* Build configuration list for PBXNativeTarget "PhotoFilters" */ = {
			isa = XCConfigurationList;
			buildConfigurations = (
				76BCAC2619E49E2200533E38 /* Debug */,
				76BCAC2719E49E2200533E38 /* Release */,
			);
			defaultConfigurationIsVisible = 0;
		};
		76BCAC2819E49E2200533E38 /* Build configuration list for PBXNativeTarget "PhotoFiltersTests" */ = {
			isa = XCConfigurationList;
			buildConfigurations = (
				76BCAC2919E49E2200533E38 /* Debug */,
				76BCAC2A19E49E2200533E38 /* Release */,
			);
			defaultConfigurationIsVisible = 0;
		};
/* End XCConfigurationList section */
	};
	rootObject = 76BCABFE19E49E2200533E38 /* Project object */;
}
